
Microsoft Visual Studio Solution File, Format Version 12.00
# Visual Studio 15
VisualStudioVersion = 15.0.28010.2003
MinimumVisualStudioVersion = 10.0.40219.1
Project("{FAE04EC0-301F-11D3-BF4B-00C04F79EFBC}") = "UEditorNetCore", "UEditorNetCore\UEditorNetCore.csproj", "{2214B576-C052-481C-BD85-71C93F935F24}"
EndProject
Project("{FAE04EC0-301F-11D3-BF4B-00C04F79EFBC}") = "UEditorNetCoreExample", "UEditorNetCoreExample\UEditorNetCoreExample.csproj", "{BE9CC8C5-07B8-4C14-A4B0-C63B8EB82D58}"
EndProject
Global
	GlobalSection(SolutionConfigurationPlatforms) = preSolution
		Debug|Any CPU = Debug|Any CPU
		Release|Any CPU = Release|Any CPU
	EndGlobalSection
	GlobalSection(ProjectConfigurationPlatforms) = postSolution
		{2214B576-C052-481C-BD85-71C93F935F24}.Debug|Any CPU.ActiveCfg = Debug|Any CPU
		{2214B576-C052-481C-BD85-71C93F935F24}.Debug|Any CPU.Build.0 = Debug|Any CPU
		{2214B576-C052-481C-BD85-71C93F935F24}.Release|Any CPU.ActiveCfg = Release|Any CPU
		{2214B576-C052-481C-BD85-71C93F935F24}.Release|Any CPU.Build.0 = Release|Any CPU
		{BE9CC8C5-07B8-4C14-A4B0-C63B8EB82D58}.Debug|Any CPU.ActiveCfg = Debug|Any CPU
		{BE9CC8C5-07B8-4C14-A4B0-C63B8EB82D58}.Debug|Any CPU.Build.0 = Debug|Any CPU
		{BE9CC8C5-07B8-4C14-A4B0-C63B8EB82D58}.Release|Any CPU.ActiveCfg = Release|Any CPU
		{BE9CC8C5-07B8-4C14-A4B0-C63B8EB82D58}.Release|Any CPU.Build.0 = Release|Any CPU
	EndGlobalSection
	GlobalSection(SolutionProperties) = preSolution
		HideSolutionNode = FALSE
	EndGlobalSection
	GlobalSection(ExtensibilityGlobals) = postSolution
		SolutionGuid = {BAB26231-75ED-4637-BF20-DD9A6F3E7BC4}
	EndGlobalSection
EndGlobal
